{
  "name": "pipouscript-grammar-doc",
  "version": "1.0.0",
  "lockfileVersion": 1,
  "requires": true,
  "dependencies": {
    "railroad-diagrams": {
      "version": "git+https://github.com/tabatkins/railroad-diagrams.git#c889eccd1f5dc55cca4e5fbfb48753b5f24965b0",
      "from": "git+https://github.com/tabatkins/railroad-diagrams.git"
    }
  }
}
